github.com/modelpack/model-spec v0.0.7 h1:3fAxau4xUqF0Pf1zzFC5lItF0gEaiXLxaCcPAH8PW8I=
github.com/modelpack/model-spec v0.0.7/go.mod h1:5Go37og1RmvcTdVI5Remd+PpQRNLlKSNwSNbXmEqu50=
github.com/opencontainers/go-digest v1.0.0 h1:apOUWs51W5PlhuyGyz9FCeeBIOUDA/6nW8Oi/yOhh5U=
github.com/opencontainers/go-digest v1.0.0/go.mod h1:0JzlMkj0TRzQZfJkVvzbP0HBR3IKzErnv2BNG4W4MAM=
